# Generated by pub
# See https://dart.dev/tools/pub/glossary#lockfile
packages:
  lint_hard:
    dependency: "direct dev"
    description:
      name: lint_hard
      sha256: d9cb96856a6c08f9d9d012de17bd45a9aa3950738c7bb6e01676a1c29625a4aa
      url: "https://pub.dev"
    source: hosted
    version: "3.0.1"
  xxxxx_bottom:
    dependency: "direct main"
    description:
      path: "../bottom"
      relative: true
    source: path
    version: "1.0.3"
sdks:
  dart: ">=2.19.0 <4.0.0"
